{
  "requires": true,
  "lockfileVersion": 1,
  "dependencies": {
    "@d3fc/d3fc-annotation": {
      "version": "3.0.6",
      "resolved": "https://registry.npmjs.org/@d3fc/d3fc-annotation/-/d3fc-annotation-3.0.6.tgz",
      "integrity": "sha512-kblXtzwK4EQ/CPNWun3YnoS3JVweZPItbi1oyVFn4StGWxDu5AUVy0xWqMrzPBZ6pFcSA2mWeebRdtiZgyuYNw==",
      "requires": {
        "@d3fc/d3fc-data-join": "^6.0.1",
        "@d3fc/d3fc-rebind": "^6.0.1",
        "@d3fc/d3fc-series": "^5.1.3",
        "@d3fc/d3fc-shape": "^6.0.1"
      }
    },
    "@d3fc/d3fc-axis": {
      "version": "3.0.2",
      "resolved": "https://registry.npmjs.org/@d3fc/d3fc-axis/-/d3fc-axis-3.0.2.tgz",
      "integrity": "sha512-vCVmOemF/PSqxKy4abF3t6uYBN1bIdxpnAMPfY+NYLPZwRDjMzpMXziZwHkcI2YO8ssXZwnfXZk9aN1KmPW3Zg==",
      "requires": {
        "@d3fc/d3fc-data-join": "^6.0.1",
        "@d3fc/d3fc-rebind": "^6.0.1"
      }
    },
    "@d3fc/d3fc-brush": {
      "version": "3.0.1",
      "resolved": "https://registry.npmjs.org/@d3fc/d3fc-brush/-/d3fc-brush-3.0.1.tgz",
      "integrity": "sha512-Yw0Ip8tHJqibRQmAsP52pLaWZ5Vb7i+dyunH5VPzVbbbSR02BoWmvrE+vgwepNL6/gnVr2nz2EunaOPYHHCYYQ==",
      "requires": {
        "@d3fc/d3fc-data-join": "^6.0.1",
        "@d3fc/d3fc-rebind": "^6.0.1"
      }
    },
    "@d3fc/d3fc-chart": {
      "version": "4.0.7",
      "resolved": "https://registry.npmjs.org/@d3fc/d3fc-chart/-/d3fc-chart-4.0.7.tgz",
      "integrity": "sha512-rtOaoTnlYkKLPvL1BMN5bXUi4Ds4z7isNqcybg8+3J7AMV/nvGCdaVghRgpwWD4hF30WYpK79cAlmhWBb07awg==",
      "requires": {
        "@d3fc/d3fc-axis": "^3.0.2",
        "@d3fc/d3fc-data-join": "^6.0.1",
        "@d3fc/d3fc-element": "^6.0.1",
        "@d3fc/d3fc-rebind": "^6.0.1",
        "@d3fc/d3fc-series": "^5.1.3"
      }
    },
    "@d3fc/d3fc-data-join": {
      "version": "6.0.1",
      "resolved": "https://registry.npmjs.org/@d3fc/d3fc-data-join/-/d3fc-data-join-6.0.1.tgz",
      "integrity": "sha512-m5kHzgiieuqNWC6UAtfEZ2Ggn0V2f/9hU8Z5BCJwLMcpZ+pISz3zYSU2zUmkIrJGIbbFJrjnVvk0eWExbNpzQw=="
    },
    "@d3fc/d3fc-discontinuous-scale": {
      "version": "4.0.1",
      "resolved": "https://registry.npmjs.org/@d3fc/d3fc-discontinuous-scale/-/d3fc-discontinuous-scale-4.0.1.tgz",
      "integrity": "sha512-L2Kmrc6BDbP1NhEsY/wwo+PpLDlJQZsXMJ3HHmq3uWYFCDhDHJHm1pP1g4uLqAmAHBenRUpBg1y1kUDmUcSgrg==",
      "requires": {
        "@d3fc/d3fc-rebind": "^6.0.1"
      }
    },
    "@d3fc/d3fc-element": {
      "version": "6.0.1",
      "resolved": "https://registry.npmjs.org/@d3fc/d3fc-element/-/d3fc-element-6.0.1.tgz",
      "integrity": "sha512-SRJLzHHwIsY73XvdFD3ee80xazpnQy+vVPckfiJuWbQ4J9OQxKyfghJwSIQKJ9PHCPHQta09ycQ3Ner+i4315g=="
    },
    "@d3fc/d3fc-extent": {
      "version": "4.0.1",
      "resolved": "https://registry.npmjs.org/@d3fc/d3fc-extent/-/d3fc-extent-4.0.1.tgz",
      "integrity": "sha512-SEmp+q2kFqboYtMrg3bSg/UHjuy+ah2/7f0ZJbWGB9QfYriYJ0VM+JJndJ2N08hWH3YmQN07mU5gXCOWYDAl0w=="
    },
    "@d3fc/d3fc-financial-feed": {
      "version": "7.0.1",
      "resolved": "https://registry.npmjs.org/@d3fc/d3fc-financial-feed/-/d3fc-financial-feed-7.0.1.tgz",
      "integrity": "sha512-vnfvMbvD3oBBjZSOvno6oSoHlzrDZXVjcFOWM0b84lGKlfElfPI6z8W23LHFFTUfy2dZX9MFHPNX0dMGqM2qmA=="
    },
    "@d3fc/d3fc-group": {
      "version": "3.0.1",
      "resolved": "https://registry.npmjs.org/@d3fc/d3fc-group/-/d3fc-group-3.0.1.tgz",
      "integrity": "sha512-GBUR6a4hkqfSo77iaFS4qPMS5tupH8hmJ8eniiD45GFmWQs69+Dlf8Uhx+GCCvQkE+px6rQyZWVCJKBq6gkz2Q=="
    },
    "@d3fc/d3fc-label-layout": {
      "version": "7.0.1",
      "resolved": "https://registry.npmjs.org/@d3fc/d3fc-label-layout/-/d3fc-label-layout-7.0.1.tgz",
      "integrity": "sha512-shXB2h0VwGnpxpwiPvRtz1UsxRkPU5pELpQQG5XHPEIenCyg5wDBEgfk6wcOyEiEyG7XROKWUr37gv+k26PJhw==",
      "requires": {
        "@d3fc/d3fc-data-join": "^6.0.1",
        "@d3fc/d3fc-rebind": "^6.0.1"
      }
    },
    "@d3fc/d3fc-pointer": {
      "version": "3.0.1",
      "resolved": "https://registry.npmjs.org/@d3fc/d3fc-pointer/-/d3fc-pointer-3.0.1.tgz",
      "integrity": "sha512-vPXwwPXz0u/+3EJC91hNH739J/PYRYp1vxrjNhQiWi6Q5y/2I4oyt4eiLqHH3wlIZkRFsPih/AHwqROzkxRd+Q==",
      "requires": {
        "@d3fc/d3fc-rebind": "^6.0.1"
      }
    },
    "@d3fc/d3fc-random-data": {
      "version": "4.0.1",
      "resolved": "https://registry.npmjs.org/@d3fc/d3fc-random-data/-/d3fc-random-data-4.0.1.tgz",
      "integrity": "sha512-tKSoImB8V+EKnuwh4K+RBfYWmczgKF+rvH9b3SeGEocw3DlK1SvAr2ZVhYkyFVaqJU5YciWqQfaW5MjVT/33FA==",
      "requires": {
        "@d3fc/d3fc-rebind": "^6.0.1"
      }
    },
    "@d3fc/d3fc-rebind": {
      "version": "6.0.1",
      "resolved": "https://registry.npmjs.org/@d3fc/d3fc-rebind/-/d3fc-rebind-6.0.1.tgz",
      "integrity": "sha512-+ryBZ53ALMffbADwnFAtTYQJcT7PE5BwpducGYS0X6Jux6ESnp+fP+cDQvBGbDBOVqaziGnfeLeJXjtMnZujmQ=="
    },
    "@d3fc/d3fc-sample": {
      "version": "5.0.1",
      "resolved": "https://registry.npmjs.org/@d3fc/d3fc-sample/-/d3fc-sample-5.0.1.tgz",
      "integrity": "sha512-VJ4stSJDxcAhYhifiGE63MBVDPstx+yB3+JHuJt/qc8MjHSOC4NjrPpABNUS6qwfmOcQKbaRPN8urzJ+f5FCmg==",
      "requires": {
        "@d3fc/d3fc-rebind": "^6.0.1"
      }
    },
    "@d3fc/d3fc-series": {
      "version": "5.1.3",
      "resolved": "https://registry.npmjs.org/@d3fc/d3fc-series/-/d3fc-series-5.1.3.tgz",
      "integrity": "sha512-UoPjJzb7bboWyNkLhiPdhw+JnDIPd8JzqeDObGC5SZ5YsozYNc/QWyKsPX8BKwPThklriTKVWkbuNo0leNHd7w==",
      "requires": {
        "@d3fc/d3fc-data-join": "^6.0.1",
        "@d3fc/d3fc-rebind": "^6.0.1",
        "@d3fc/d3fc-shape": "^6.0.1",
        "@d3fc/d3fc-webgl": "^2.0.2"
      }
    },
    "@d3fc/d3fc-shape": {
      "version": "6.0.1",
      "resolved": "https://registry.npmjs.org/@d3fc/d3fc-shape/-/d3fc-shape-6.0.1.tgz",
      "integrity": "sha512-/dD3S8BWrOjO2mSptUmwe38V7KG4Kw6liIE5NXZJjX/XidfZhuDu7WWuya3i90HeNYDZNcs6Z+4qM3FnvlZf8g=="
    },
    "@d3fc/d3fc-technical-indicator": {
      "version": "8.0.1",
      "resolved": "https://registry.npmjs.org/@d3fc/d3fc-technical-indicator/-/d3fc-technical-indicator-8.0.1.tgz",
      "integrity": "sha512-0VEDHtcAGDTOVOrVdfPzk5I57H/eXF2O3DpzRn2nzWptg8OiOALdCiahKhZyX42wvlJjopuLCqZfTfJZGna6bw==",
      "requires": {
        "@d3fc/d3fc-rebind": "^6.0.1"
      }
    },
    "@d3fc/d3fc-webgl": {
      "version": "2.0.2",
      "resolved": "https://registry.npmjs.org/@d3fc/d3fc-webgl/-/d3fc-webgl-2.0.2.tgz",
      "integrity": "sha512-iqqwjDRPKmLSLumLfCEB6zDdeRaUy1Bc0C6OEQgGE1bDEtoN02qAQBKWKv24QIq41LStKLpi8i+LslV/X4oVLg==",
      "requires": {
        "@d3fc/d3fc-rebind": "^6.0.1"
      }
    },
    "d3fc": {
      "version": "15.0.10",
      "resolved": "https://registry.npmjs.org/d3fc/-/d3fc-15.0.10.tgz",
      "integrity": "sha512-fdfP78x4izZ8iAUQSuROhLIfpvqxhfa/FeNvcaE0JAcuQTUuxTSKvKWr5d+2qODfqArZALgCPg2gg18aZ5T1SA==",
      "requires": {
        "@d3fc/d3fc-annotation": "^3.0.6",
        "@d3fc/d3fc-axis": "^3.0.2",
        "@d3fc/d3fc-brush": "^3.0.1",
        "@d3fc/d3fc-chart": "^4.0.7",
        "@d3fc/d3fc-data-join": "^6.0.1",
        "@d3fc/d3fc-discontinuous-scale": "^4.0.1",
        "@d3fc/d3fc-element": "^6.0.1",
        "@d3fc/d3fc-extent": "^4.0.1",
        "@d3fc/d3fc-financial-feed": "^7.0.1",
        "@d3fc/d3fc-group": "^3.0.1",
        "@d3fc/d3fc-label-layout": "^7.0.1",
        "@d3fc/d3fc-pointer": "^3.0.1",
        "@d3fc/d3fc-random-data": "^4.0.1",
        "@d3fc/d3fc-rebind": "^6.0.1",
        "@d3fc/d3fc-sample": "^5.0.1",
        "@d3fc/d3fc-series": "^5.1.3",
        "@d3fc/d3fc-shape": "^6.0.1",
        "@d3fc/d3fc-technical-indicator": "^8.0.1",
        "@d3fc/d3fc-webgl": "^2.0.2"
      }
    }
  }
}
