{
  "name": "parallelcoordinates",
  "version": "1.0.0",
  "lockfileVersion": 1,
  "requires": true,
  "dependencies": {
    "sortablejs": {
      "version": "1.8.4",
      "resolved": "https://registry.npmjs.org/sortablejs/-/sortablejs-1.8.4.tgz",
      "integrity": "sha512-Brqnzelu1AhFuc0Fn3N/qFex1tlIiuQIUsfu2J8luJ4cRgXYkWrByxa+y5mWEBlj8A0YoABukflIJwvHyrwJ6Q=="
    }
  }
}
